
Microsoft Visual Studio Solution File, Format Version 12.00
# Visual Studio 15
Project("{FAE04EC0-301F-11D3-BF4B-00C04F79EFBC}") = "Assembly-CSharp", "Assembly-CSharp.csproj", "{FCF35430-90EF-0A5D-43DB-C4A2CAE0494D}"
EndProject
Project("{FAE04EC0-301F-11D3-BF4B-00C04F79EFBC}") = "NavMeshComponents", "NavMeshComponents.csproj", "{E9FB21A9-0BF7-E6C1-EF45-767B25DBA149}"
EndProject
Project("{FAE04EC0-301F-11D3-BF4B-00C04F79EFBC}") = "NavMeshComponentsEditor", "NavMeshComponentsEditor.csproj", "{447DA6EB-21D1-10B7-8346-2319FCF5588A}"
EndProject
Project("{FAE04EC0-301F-11D3-BF4B-00C04F79EFBC}") = "Assembly-CSharp-Editor", "Assembly-CSharp-Editor.csproj", "{25842710-C309-092E-0A55-94B307144BA0}"
EndProject
Global
	GlobalSection(SolutionConfigurationPlatforms) = preSolution
		Debug|Any CPU = Debug|Any CPU
		Release|Any CPU = Release|Any CPU
	EndGlobalSection
	GlobalSection(ProjectConfigurationPlatforms) = postSolution
		{FCF35430-90EF-0A5D-43DB-C4A2CAE0494D}.Debug|Any CPU.ActiveCfg = Debug|Any CPU
		{FCF35430-90EF-0A5D-43DB-C4A2CAE0494D}.Debug|Any CPU.Build.0 = Debug|Any CPU
		{FCF35430-90EF-0A5D-43DB-C4A2CAE0494D}.Release|Any CPU.ActiveCfg = Release|Any CPU
		{FCF35430-90EF-0A5D-43DB-C4A2CAE0494D}.Release|Any CPU.Build.0 = Release|Any CPU
		{E9FB21A9-0BF7-E6C1-EF45-767B25DBA149}.Debug|Any CPU.ActiveCfg = Debug|Any CPU
		{E9FB21A9-0BF7-E6C1-EF45-767B25DBA149}.Debug|Any CPU.Build.0 = Debug|Any CPU
		{E9FB21A9-0BF7-E6C1-EF45-767B25DBA149}.Release|Any CPU.ActiveCfg = Release|Any CPU
		{E9FB21A9-0BF7-E6C1-EF45-767B25DBA149}.Release|Any CPU.Build.0 = Release|Any CPU
		{447DA6EB-21D1-10B7-8346-2319FCF5588A}.Debug|Any CPU.ActiveCfg = Debug|Any CPU
		{447DA6EB-21D1-10B7-8346-2319FCF5588A}.Debug|Any CPU.Build.0 = Debug|Any CPU
		{447DA6EB-21D1-10B7-8346-2319FCF5588A}.Release|Any CPU.ActiveCfg = Release|Any CPU
		{447DA6EB-21D1-10B7-8346-2319FCF5588A}.Release|Any CPU.Build.0 = Release|Any CPU
		{25842710-C309-092E-0A55-94B307144BA0}.Debug|Any CPU.ActiveCfg = Debug|Any CPU
		{25842710-C309-092E-0A55-94B307144BA0}.Debug|Any CPU.Build.0 = Debug|Any CPU
		{25842710-C309-092E-0A55-94B307144BA0}.Release|Any CPU.ActiveCfg = Release|Any CPU
		{25842710-C309-092E-0A55-94B307144BA0}.Release|Any CPU.Build.0 = Release|Any CPU
	EndGlobalSection
	GlobalSection(SolutionProperties) = preSolution
		HideSolutionNode = FALSE
	EndGlobalSection
EndGlobal
